PODS:
  - DeviceKit (4.4.0)
  - HydraAsync (2.0.6)
  - Kingfisher (6.3.1)
  - ProgressHUD (13.6)

DEPENDENCIES:
  - DeviceKit (~> 4.4)
  - HydraAsync (~> 2.0)
  - Kingfisher
  - ProgressHUD (~> 13.6)

SPEC REPOS:
  trunk:
    - DeviceKit
    - HydraAsync
    - Kingfisher
    - ProgressHUD

SPEC CHECKSUMS:
  DeviceKit: 2c5d7485a2fa10b65c0091b2952d30843a6ba06d
  HydraAsync: 8d589bd725b0224f899afafc9a396327405f8063
  Kingfisher: 016c8b653a35add51dd34a3aba36b580041acc74
  ProgressHUD: 4bdaa0d2ddf676b23324b199f9facffb5c3a1620

PODFILE CHECKSUM: f0b6e379e76d0ccb5a98d52a3ad8d0f8230bf276

COCOAPODS: 1.10.2
